
Microsoft Visual Studio Solution File, Format Version 12.00
# Visual Studio Version 17
VisualStudioVersion = 17.13.35913.81 d17.13
MinimumVisualStudioVersion = 10.0.40219.1
Project("{F184B08F-C81C-45F6-A57F-5ABD9991F28F}") = "NavarreteTTEProblem1", "NavarreteTTEProblem1\NavarreteTTEProblem1.vbproj", "{57EAEB20-E831-4FAD-909E-050D02BA01F6}"
EndProject
Global
	GlobalSection(SolutionConfigurationPlatforms) = preSolution
		Debug|Any CPU = Debug|Any CPU
		Release|Any CPU = Release|Any CPU
	EndGlobalSection
	GlobalSection(ProjectConfigurationPlatforms) = postSolution
		{57EAEB20-E831-4FAD-909E-050D02BA01F6}.Debug|Any CPU.ActiveCfg = Debug|Any CPU
		{57EAEB20-E831-4FAD-909E-050D02BA01F6}.Debug|Any CPU.Build.0 = Debug|Any CPU
		{57EAEB20-E831-4FAD-909E-050D02BA01F6}.Release|Any CPU.ActiveCfg = Release|Any CPU
		{57EAEB20-E831-4FAD-909E-050D02BA01F6}.Release|Any CPU.Build.0 = Release|Any CPU
	EndGlobalSection
	GlobalSection(SolutionProperties) = preSolution
		HideSolutionNode = FALSE
	EndGlobalSection
	GlobalSection(ExtensibilityGlobals) = postSolution
		SolutionGuid = {1A55CB6E-26E4-49E5-9569-932FF43151D4}
	EndGlobalSection
EndGlobal
